
Microsoft Visual Studio Solution File, Format Version 12.00
# Visual Studio Version 17
VisualStudioVersion = 17.13.35919.96 d17.13
MinimumVisualStudioVersion = 10.0.40219.1
Project("{FAE04EC0-301F-11D3-BF4B-00C04F79EFBC}") = "Sem08_1", "Sem08_1\Sem08_1.csproj", "{B93A5B95-B827-4CB0-B032-55ED90FB7309}"
EndProject
Global
	GlobalSection(SolutionConfigurationPlatforms) = preSolution
		Debug|Any CPU = Debug|Any CPU
		Release|Any CPU = Release|Any CPU
	EndGlobalSection
	GlobalSection(ProjectConfigurationPlatforms) = postSolution
		{B93A5B95-B827-4CB0-B032-55ED90FB7309}.Debug|Any CPU.ActiveCfg = Debug|Any CPU
		{B93A5B95-B827-4CB0-B032-55ED90FB7309}.Debug|Any CPU.Build.0 = Debug|Any CPU
		{B93A5B95-B827-4CB0-B032-55ED90FB7309}.Release|Any CPU.ActiveCfg = Release|Any CPU
		{B93A5B95-B827-4CB0-B032-55ED90FB7309}.Release|Any CPU.Build.0 = Release|Any CPU
	EndGlobalSection
	GlobalSection(SolutionProperties) = preSolution
		HideSolutionNode = FALSE
	EndGlobalSection
	GlobalSection(ExtensibilityGlobals) = postSolution
		SolutionGuid = {737CE877-2D09-42EC-8F41-B2D760FAD017}
	EndGlobalSection
EndGlobal
